{
    "name": "http-responses",
    "version": "0.0.0",
    "lockfileVersion": 2,
    "requires": true,
    "packages": {
        "": {
            "name": "http-responses",
            "version": "0.0.0",
            "dependencies": {
                "http-responses": "https://github.com/cloud-hybrid/http-responses-lambda-layer#Development"
            }
        },
        "node_modules/http-responses": {
            "version": "0.0.0",
            "resolved": "git+ssh://git@github.com/cloud-hybrid/http-responses-lambda-layer.git#028182831bb8474bb1c5c20cd0d17c785386e384",
            "dependencies": {
                "http-responses": "."
            }
        },
        "node_modules/http-responses/node_modules/http-responses": {
            "resolved": "node_modules/http-responses",
            "link": true
        }
    },
    "dependencies": {
        "http-responses": {
            "version": "git+ssh://git@github.com/cloud-hybrid/http-responses-lambda-layer.git#028182831bb8474bb1c5c20cd0d17c785386e384",
            "from": "http-responses@https://github.com/cloud-hybrid/http-responses-lambda-layer#Development",
            "requires": {
                "http-responses": "."
            },
            "dependencies": {
                "http-responses": {
                    "version": "file:node_modules/http-responses",
                    "requires": {
                        "http-responses": "."
                    }
                }
            }
        }
    }
}
