{
    "name": "http-responses",
    "version": "0.0.0",
    "lockfileVersion": 2,
    "requires": true,
    "packages": {
        "": {
            "name": "http-responses",
            "version": "0.0.0",
            "dependencies": {
                "http-responses": "."
            }
        },
        "node_modules/http-responses": {
            "resolved": "",
            "link": true
        }
    },
    "dependencies": {
        "http-responses": {
            "version": "file:",
            "requires": {
                "http-responses": "."
            }
        }
    }
}
