{
    "name": "@cloud-vault/http-responses-lambda-layer",
    "version": "0.0.1",
    "lockfileVersion": 2,
    "requires": true,
    "packages": {
        "": {
            "name": "@cloud-vault/http-responses-lambda-layer",
            "version": "0.0.1",
            "dependencies": {
                "@cloud-vault/http-responses-lambda-layer": "cloud-hybrid/http-responses-lambda-layer#Development"
            }
        },
        "node_modules/@cloud-vault/http-responses-lambda-layer": {
            "version": "0.0.1",
            "resolved": "git+ssh://git@github.com/cloud-hybrid/http-responses-lambda-layer.git#91282b7180f36c98d675ea1eb98af757a9abba4f"
        }
    },
    "dependencies": {
        "@cloud-vault/http-responses-lambda-layer": {
            "version": "git+ssh://git@github.com/cloud-hybrid/http-responses-lambda-layer.git#91282b7180f36c98d675ea1eb98af757a9abba4f",
            "from": "@cloud-vault/http-responses-lambda-layer@cloud-hybrid/http-responses-lambda-layer#Development"
        }
    }
}
